
Microsoft Visual Studio Solution File, Format Version 12.00
# Visual Studio Version 17
VisualStudioVersion = 17.0.32126.317
MinimumVisualStudioVersion = 10.0.40219.1
Project("{FAE04EC0-301F-11D3-BF4B-00C04F79EFBC}") = "NetMongoDb", "NetMongoDb\NetMongoDb.csproj", "{C2DE66B9-B003-4C47-9AE6-2095220DD502}"
EndProject
Project("{2150E333-8FDC-42A3-9474-1A3956D46DE8}") = "Example", "Example", "{26982883-4491-47C5-B403-DD273311CD01}"
EndProject
Global
	GlobalSection(SolutionConfigurationPlatforms) = preSolution
		Debug|Any CPU = Debug|Any CPU
		Release|Any CPU = Release|Any CPU
	EndGlobalSection
	GlobalSection(ProjectConfigurationPlatforms) = postSolution
		{C2DE66B9-B003-4C47-9AE6-2095220DD502}.Debug|Any CPU.ActiveCfg = Debug|Any CPU
		{C2DE66B9-B003-4C47-9AE6-2095220DD502}.Debug|Any CPU.Build.0 = Debug|Any CPU
		{C2DE66B9-B003-4C47-9AE6-2095220DD502}.Release|Any CPU.ActiveCfg = Release|Any CPU
		{C2DE66B9-B003-4C47-9AE6-2095220DD502}.Release|Any CPU.Build.0 = Release|Any CPU
	EndGlobalSection
	GlobalSection(SolutionProperties) = preSolution
		HideSolutionNode = FALSE
	EndGlobalSection
	GlobalSection(ExtensibilityGlobals) = postSolution
		SolutionGuid = {DA23153F-2185-4B4F-A9CE-4E6465AB05C6}
	EndGlobalSection
EndGlobal
